
Microsoft Visual Studio Solution File, Format Version 12.00
# Visual Studio 15
Project("{FAE04EC0-301F-11D3-BF4B-00C04F79EFBC}") = "5", "5\5.csproj", "{C458F050-4CF3-4ECE-BB7A-AADD84E3625A}"
EndProject
Global
	GlobalSection(SolutionConfigurationPlatforms) = preSolution
		Debug|Any CPU = Debug|Any CPU
		Release|Any CPU = Release|Any CPU
	EndGlobalSection
	GlobalSection(ProjectConfigurationPlatforms) = postSolution
		{C458F050-4CF3-4ECE-BB7A-AADD84E3625A}.Debug|Any CPU.ActiveCfg = Debug|Any CPU
		{C458F050-4CF3-4ECE-BB7A-AADD84E3625A}.Debug|Any CPU.Build.0 = Debug|Any CPU
		{C458F050-4CF3-4ECE-BB7A-AADD84E3625A}.Release|Any CPU.ActiveCfg = Release|Any CPU
		{C458F050-4CF3-4ECE-BB7A-AADD84E3625A}.Release|Any CPU.Build.0 = Release|Any CPU
	EndGlobalSection
EndGlobal
